schema: '2.0'
stages:
  train:
    cmd: python src/train.py
    deps:
    - path: src/train.py
      hash: md5
      md5: 55c9972966686e8e2b6ff82a3147ce06
      size: 668
    params:
      params.yaml:
        train.conv_activation: relu
        train.lr: 0.00011
        train.num_epochs: 2
    outs:
    - path: dvclive/metrics.json
      hash: md5
      md5: 1eb6836b9e02b5e583e36de2088d86f9
      size: 136
    - path: output/metrics.json
      hash: md5
      md5: 6558b251e3e526538dae7d93c8090b68
      size: 62
