schema: '2.0'
stages:
  train:
    cmd: python src/train.py
    deps:
    - path: src/train.py
      hash: md5
      md5: 55c9972966686e8e2b6ff82a3147ce06
      size: 668
    params:
      params.yaml:
        train.conv_activation: relu
        train.lr: 0.0003
        train.num_epochs: 2
    outs:
    - path: dvclive/metrics.json
      hash: md5
      md5: 48d6f9a4f32e1749065b1cdfef1d8f42
      size: 136
    - path: output/metrics.json
      hash: md5
      md5: cae58ba3e757099b86079d9a83f0d540
      size: 61
