schema: '2.0'
stages:
  train:
    cmd: python src/train.py
    deps:
    - path: src/train.py
      hash: md5
      md5: 55c9972966686e8e2b6ff82a3147ce06
      size: 668
    params:
      params.yaml:
        train.conv_activation: relu
        train.lr: 0.0002
        train.num_epochs: 2
    outs:
    - path: dvclive/metrics.json
      hash: md5
      md5: d45feb35ad2a6c40dce81728fb97f0c1
      size: 137
    - path: output/metrics.json
      hash: md5
      md5: ab426cd871b8bbee8e51a5595cd603fc
      size: 61
